{
  "name": "ng-classifieds",
  "version": "1.0.0",
  "lockfileVersion": 1,
  "requires": true,
  "dependencies": {
    "angular": {
      "version": "1.6.10",
      "resolved": "https://registry.npmjs.org/angular/-/angular-1.6.10.tgz",
      "integrity": "sha512-PCZ5/hVdvPQiYyH0VwsPjrErPHRcITnaXxhksceOXgtJeesKHLA7KDu4X/yvcAi+1zdGgGF+9pDxkJvghXI9Wg=="
    },
    "angular-animate": {
      "version": "1.6.10",
      "resolved": "https://registry.npmjs.org/angular-animate/-/angular-animate-1.6.10.tgz",
      "integrity": "sha512-RU9ZJbTspq0W0x675H5k1DeSgKbAFfp2aiYoNGdlD+wQNKvwwMR5ho+EkDKkx9zE02a5goe8Z6EhhYPQSff9dA=="
    },
    "angular-aria": {
      "version": "1.6.10",
      "resolved": "https://registry.npmjs.org/angular-aria/-/angular-aria-1.6.10.tgz",
      "integrity": "sha512-QO+jSbsnGxLhULD8syFvfH0sQVCKCwDPDCd130ou11HYw4D8vAaU/NG6ufcmnh9XJHTcngAaBe3VVfZefMkiBA=="
    },
    "angular-material": {
      "version": "1.1.8",
      "resolved": "https://registry.npmjs.org/angular-material/-/angular-material-1.1.8.tgz",
      "integrity": "sha512-VNRKB3G65zb1ZNWThb5wyKCuYvjwW9O8O3RZQ4cnDXHxa6YdjnZvkEQnpsiuIvQyqP18itmM+NJZPOPGXxAIaQ=="
    },
    "angular-messages": {
      "version": "1.6.10",
      "resolved": "https://registry.npmjs.org/angular-messages/-/angular-messages-1.6.10.tgz",
      "integrity": "sha512-FpILIYqeBj2fP5U5txnO/cneeKZxdF+WqpBo7tgHXl2BmOVVWKUCEjMmByouYxwn9PFLeipBPjaaDs2/eB/m5A=="
    },
    "mdi": {
      "version": "2.2.43",
      "resolved": "https://registry.npmjs.org/mdi/-/mdi-2.2.43.tgz",
      "integrity": "sha512-g3m6z4303qieltUM20JL2gdsJZvoVzIzO74qa2XxZ2kg9JPwrPEAgooVhRDHZi1vvRh0gB8Dg+c9XqNdz4jcIg=="
    }
  }
}
